<Project xmlns="http://schemas.microsoft.com/developer/msbuild/2003">
    <PropertyGroup>
        <ProjectGuid>{A0B04708-3ABB-4EC7-9CB3-D11D81E3EA41}</ProjectGuid>
        <MainSource>FMXTMSFNCUIPackPkg.dpk</MainSource>
        <Base>True</Base>
        <Config Condition="'$(Config)'==''">Debug</Config>
        <ProjectName Condition="'$(ProjectName)'==''">FMXTMSFNCUIPackPkg</ProjectName>
        <TargetedPlatforms>1741953</TargetedPlatforms>
        <AppType>Package</AppType>
        <FrameworkType>None</FrameworkType>
        <ProjectVersion>20.2</ProjectVersion>
        <Platform Condition="'$(Platform)'==''">Win32</Platform>
    </PropertyGroup>
    <PropertyGroup Condition="'$(Config)'=='Base' or '$(Base)'!=''">
        <Base>true</Base>
    </PropertyGroup>
    <PropertyGroup Condition="('$(Platform)'=='Android' and '$(Base)'=='true') or '$(Base_Android)'!=''">
        <Base_Android>true</Base_Android>
        <CfgParent>Base</CfgParent>
        <Base>true</Base>
    </PropertyGroup>
    <PropertyGroup Condition="('$(Platform)'=='Android64' and '$(Base)'=='true') or '$(Base_Android64)'!=''">
        <Base_Android64>true</Base_Android64>
        <CfgParent>Base</CfgParent>
        <Base>true</Base>
    </PropertyGroup>
    <PropertyGroup Condition="('$(Platform)'=='iOSDevice64' and '$(Base)'=='true') or '$(Base_iOSDevice64)'!=''">
        <Base_iOSDevice64>true</Base_iOSDevice64>
        <CfgParent>Base</CfgParent>
        <Base>true</Base>
    </PropertyGroup>
    <PropertyGroup Condition="('$(Platform)'=='Win32' and '$(Base)'=='true') or '$(Base_Win32)'!=''">
        <Base_Win32>true</Base_Win32>
        <CfgParent>Base</CfgParent>
        <Base>true</Base>
    </PropertyGroup>
    <PropertyGroup Condition="'$(Config)'=='Release' or '$(Cfg_1)'!=''">
        <Cfg_1>true</Cfg_1>
        <CfgParent>Base</CfgParent>
        <Base>true</Base>
    </PropertyGroup>
    <PropertyGroup Condition="'$(Config)'=='Debug' or '$(Cfg_2)'!=''">
        <Cfg_2>true</Cfg_2>
        <CfgParent>Base</CfgParent>
        <Base>true</Base>
    </PropertyGroup>
    <PropertyGroup Condition="('$(Platform)'=='Android64' and '$(Cfg_2)'=='true') or '$(Cfg_2_Android64)'!=''">
        <Cfg_2_Android64>true</Cfg_2_Android64>
        <CfgParent>Cfg_2</CfgParent>
        <Cfg_2>true</Cfg_2>
        <Base>true</Base>
    </PropertyGroup>
    <PropertyGroup Condition="('$(Platform)'=='iOSDevice64' and '$(Cfg_2)'=='true') or '$(Cfg_2_iOSDevice64)'!=''">
        <Cfg_2_iOSDevice64>true</Cfg_2_iOSDevice64>
        <CfgParent>Cfg_2</CfgParent>
        <Cfg_2>true</Cfg_2>
        <Base>true</Base>
    </PropertyGroup>
    <PropertyGroup Condition="('$(Platform)'=='OSX64' and '$(Cfg_2)'=='true') or '$(Cfg_2_OSX64)'!=''">
        <Cfg_2_OSX64>true</Cfg_2_OSX64>
        <CfgParent>Cfg_2</CfgParent>
        <Cfg_2>true</Cfg_2>
        <Base>true</Base>
    </PropertyGroup>
    <PropertyGroup Condition="('$(Platform)'=='OSXARM64' and '$(Cfg_2)'=='true') or '$(Cfg_2_OSXARM64)'!=''">
        <Cfg_2_OSXARM64>true</Cfg_2_OSXARM64>
        <CfgParent>Cfg_2</CfgParent>
        <Cfg_2>true</Cfg_2>
        <Base>true</Base>
    </PropertyGroup>
    <PropertyGroup Condition="'$(Base)'!=''">
        <DCC_E>false</DCC_E>
        <DCC_F>false</DCC_F>
        <DCC_K>false</DCC_K>
        <DCC_N>false</DCC_N>
        <DCC_S>false</DCC_S>
        <DCC_ImageBase>00400000</DCC_ImageBase>
        <GenDll>true</GenDll>
        <GenPackage>true</GenPackage>
        <SanitizedProjectName>FMXTMSFNCUIPackPkg</SanitizedProjectName>
        <DCC_Description>TMS FNC UI Pack for FMX</DCC_Description>
        <DllSuffix>$(Auto)</DllSuffix>
        <DCC_OutputNeverBuildDcps>true</DCC_OutputNeverBuildDcps>
        <VerInfo_Locale>1040</VerInfo_Locale>
        <VerInfo_Keys>CompanyName=;FileDescription=;FileVersion=1.0.0.0;InternalName=;LegalCopyright=;LegalTrademarks=;OriginalFilename=;ProductName=;ProductVersion=1.0.0.0;Comments=;CFBundleName=</VerInfo_Keys>
        <DCC_Namespace>System;Xml;Data;Datasnap;Web;Soap;Neon.Core.Serializers;Winapi;$(DCC_Namespace)</DCC_Namespace>
    </PropertyGroup>
    <PropertyGroup Condition="'$(Base_Android)'!=''">
        <VerInfo_Keys>package=com.embarcadero.$(MSBuildProjectName);label=$(MSBuildProjectName);versionCode=1;versionName=1.0.0;persistent=False;restoreAnyVersion=False;installLocation=auto;largeHeap=False;theme=TitleBar;hardwareAccelerated=true;apiKey=;minSdkVersion=23;targetSdkVersion=34</VerInfo_Keys>
        <BT_BuildType>Debug</BT_BuildType>
        <Android_LauncherIcon192>$(BDS)\bin\Artwork\Android\FM_LauncherIcon_192x192.png</Android_LauncherIcon192>
        <EnabledSysJars>activity-1.7.2.dex.jar;annotation-experimental-1.3.0.dex.jar;annotation-jvm-1.6.0.dex.jar;annotations-13.0.dex.jar;appcompat-1.2.0.dex.jar;appcompat-resources-1.2.0.dex.jar;billing-6.0.1.dex.jar;biometric-1.1.0.dex.jar;browser-1.4.0.dex.jar;cloud-messaging.dex.jar;collection-1.1.0.dex.jar;concurrent-futures-1.1.0.dex.jar;core-1.10.1.dex.jar;core-common-2.2.0.dex.jar;core-ktx-1.10.1.dex.jar;core-runtime-2.2.0.dex.jar;cursoradapter-1.0.0.dex.jar;customview-1.0.0.dex.jar;documentfile-1.0.0.dex.jar;drawerlayout-1.0.0.dex.jar;error_prone_annotations-2.9.0.dex.jar;exifinterface-1.3.6.dex.jar;firebase-annotations-16.2.0.dex.jar;firebase-common-20.3.1.dex.jar;firebase-components-17.1.0.dex.jar;firebase-datatransport-18.1.7.dex.jar;firebase-encoders-17.0.0.dex.jar;firebase-encoders-json-18.0.0.dex.jar;firebase-encoders-proto-16.0.0.dex.jar;firebase-iid-interop-17.1.0.dex.jar;firebase-installations-17.1.3.dex.jar;firebase-installations-interop-17.1.0.dex.jar;firebase-measurement-connector-19.0.0.dex.jar;firebase-messaging-23.1.2.dex.jar;fmx.dex.jar;fragment-1.2.5.dex.jar;google-play-licensing.dex.jar;interpolator-1.0.0.dex.jar;javax.inject-1.dex.jar;kotlin-stdlib-1.8.22.dex.jar;kotlin-stdlib-common-1.8.22.dex.jar;kotlin-stdlib-jdk7-1.8.22.dex.jar;kotlin-stdlib-jdk8-1.8.22.dex.jar;kotlinx-coroutines-android-1.6.4.dex.jar;kotlinx-coroutines-core-jvm-1.6.4.dex.jar;legacy-support-core-utils-1.0.0.dex.jar;lifecycle-common-2.6.1.dex.jar;lifecycle-livedata-2.6.1.dex.jar;lifecycle-livedata-core-2.6.1.dex.jar;lifecycle-runtime-2.6.1.dex.jar;lifecycle-service-2.6.1.dex.jar;lifecycle-viewmodel-2.6.1.dex.jar;lifecycle-viewmodel-savedstate-2.6.1.dex.jar;listenablefuture-1.0.dex.jar;loader-1.0.0.dex.jar;localbroadcastmanager-1.0.0.dex.jar;okio-jvm-3.4.0.dex.jar;play-services-ads-22.2.0.dex.jar;play-services-ads-base-22.2.0.dex.jar;play-services-ads-identifier-18.0.0.dex.jar;play-services-ads-lite-22.2.0.dex.jar;play-services-appset-16.0.1.dex.jar;play-services-base-18.1.0.dex.jar;play-services-basement-18.1.0.dex.jar;play-services-cloud-messaging-17.0.1.dex.jar;play-services-location-21.0.1.dex.jar;play-services-maps-18.1.0.dex.jar;play-services-measurement-base-20.1.2.dex.jar;play-services-measurement-sdk-api-20.1.2.dex.jar;play-services-stats-17.0.2.dex.jar;play-services-tasks-18.0.2.dex.jar;print-1.0.0.dex.jar;profileinstaller-1.3.0.dex.jar;room-common-2.2.5.dex.jar;room-runtime-2.2.5.dex.jar;savedstate-1.2.1.dex.jar;sqlite-2.1.0.dex.jar;sqlite-framework-2.1.0.dex.jar;startup-runtime-1.1.1.dex.jar;tracing-1.0.0.dex.jar;transport-api-3.0.0.dex.jar;transport-backend-cct-3.1.8.dex.jar;transport-runtime-3.1.8.dex.jar;user-messaging-platform-2.0.0.dex.jar;vectordrawable-1.1.0.dex.jar;vectordrawable-animated-1.1.0.dex.jar;versionedparcelable-1.1.1.dex.jar;viewpager-1.0.0.dex.jar;work-runtime-2.7.0.dex.jar</EnabledSysJars>
    </PropertyGroup>
    <PropertyGroup Condition="'$(Base_Android64)'!=''">
        <Android_LauncherIcon192>$(BDS)\bin\Artwork\Android\FM_LauncherIcon_192x192.png</Android_LauncherIcon192>
        <EnabledSysJars>activity-1.7.2.dex.jar;annotation-experimental-1.3.0.dex.jar;annotation-jvm-1.6.0.dex.jar;annotations-13.0.dex.jar;appcompat-1.2.0.dex.jar;appcompat-resources-1.2.0.dex.jar;billing-6.0.1.dex.jar;biometric-1.1.0.dex.jar;browser-1.4.0.dex.jar;cloud-messaging.dex.jar;collection-1.1.0.dex.jar;concurrent-futures-1.1.0.dex.jar;core-1.10.1.dex.jar;core-common-2.2.0.dex.jar;core-ktx-1.10.1.dex.jar;core-runtime-2.2.0.dex.jar;cursoradapter-1.0.0.dex.jar;customview-1.0.0.dex.jar;documentfile-1.0.0.dex.jar;drawerlayout-1.0.0.dex.jar;error_prone_annotations-2.9.0.dex.jar;exifinterface-1.3.6.dex.jar;firebase-annotations-16.2.0.dex.jar;firebase-common-20.3.1.dex.jar;firebase-components-17.1.0.dex.jar;firebase-datatransport-18.1.7.dex.jar;firebase-encoders-17.0.0.dex.jar;firebase-encoders-json-18.0.0.dex.jar;firebase-encoders-proto-16.0.0.dex.jar;firebase-iid-interop-17.1.0.dex.jar;firebase-installations-17.1.3.dex.jar;firebase-installations-interop-17.1.0.dex.jar;firebase-measurement-connector-19.0.0.dex.jar;firebase-messaging-23.1.2.dex.jar;fmx.dex.jar;fragment-1.2.5.dex.jar;google-play-licensing.dex.jar;interpolator-1.0.0.dex.jar;javax.inject-1.dex.jar;kotlin-stdlib-1.8.22.dex.jar;kotlin-stdlib-common-1.8.22.dex.jar;kotlin-stdlib-jdk7-1.8.22.dex.jar;kotlin-stdlib-jdk8-1.8.22.dex.jar;kotlinx-coroutines-android-1.6.4.dex.jar;kotlinx-coroutines-core-jvm-1.6.4.dex.jar;legacy-support-core-utils-1.0.0.dex.jar;lifecycle-common-2.6.1.dex.jar;lifecycle-livedata-2.6.1.dex.jar;lifecycle-livedata-core-2.6.1.dex.jar;lifecycle-runtime-2.6.1.dex.jar;lifecycle-service-2.6.1.dex.jar;lifecycle-viewmodel-2.6.1.dex.jar;lifecycle-viewmodel-savedstate-2.6.1.dex.jar;listenablefuture-1.0.dex.jar;loader-1.0.0.dex.jar;localbroadcastmanager-1.0.0.dex.jar;okio-jvm-3.4.0.dex.jar;play-services-ads-22.2.0.dex.jar;play-services-ads-base-22.2.0.dex.jar;play-services-ads-identifier-18.0.0.dex.jar;play-services-ads-lite-22.2.0.dex.jar;play-services-appset-16.0.1.dex.jar;play-services-base-18.1.0.dex.jar;play-services-basement-18.1.0.dex.jar;play-services-cloud-messaging-17.0.1.dex.jar;play-services-location-21.0.1.dex.jar;play-services-maps-18.1.0.dex.jar;play-services-measurement-base-20.1.2.dex.jar;play-services-measurement-sdk-api-20.1.2.dex.jar;play-services-stats-17.0.2.dex.jar;play-services-tasks-18.0.2.dex.jar;print-1.0.0.dex.jar;profileinstaller-1.3.0.dex.jar;room-common-2.2.5.dex.jar;room-runtime-2.2.5.dex.jar;savedstate-1.2.1.dex.jar;sqlite-2.1.0.dex.jar;sqlite-framework-2.1.0.dex.jar;startup-runtime-1.1.1.dex.jar;tracing-1.0.0.dex.jar;transport-api-3.0.0.dex.jar;transport-backend-cct-3.1.8.dex.jar;transport-runtime-3.1.8.dex.jar;user-messaging-platform-2.0.0.dex.jar;vectordrawable-1.1.0.dex.jar;vectordrawable-animated-1.1.0.dex.jar;versionedparcelable-1.1.1.dex.jar;viewpager-1.0.0.dex.jar;work-runtime-2.7.0.dex.jar</EnabledSysJars>
    </PropertyGroup>
    <PropertyGroup Condition="'$(Base_iOSDevice64)'!=''">
        <iOS_AppStore1024>$(BDS)\bin\Artwork\iOS\iPhone\FM_ApplicationIcon_1024x1024.png</iOS_AppStore1024>
    </PropertyGroup>
    <PropertyGroup Condition="'$(Base_Win32)'!=''">
        <DCC_Namespace>Winapi;System.Win;Data.Win;Datasnap.Win;Web.Win;Soap.Win;Xml.Win;Bde;$(DCC_Namespace)</DCC_Namespace>
        <BT_BuildType>Debug</BT_BuildType>
        <VerInfo_IncludeVerInfo>true</VerInfo_IncludeVerInfo>
        <VerInfo_Keys>CompanyName=;FileDescription=$(MSBuildProjectName);FileVersion=1.0.0.0;InternalName=;LegalCopyright=;LegalTrademarks=;OriginalFilename=;ProductName=$(MSBuildProjectName);ProductVersion=1.0.0.0;Comments=;ProgramID=com.embarcadero.$(MSBuildProjectName)</VerInfo_Keys>
        <VerInfo_Locale>1033</VerInfo_Locale>
    </PropertyGroup>
    <PropertyGroup Condition="'$(Cfg_1)'!=''">
        <DCC_Define>RELEASE;$(DCC_Define)</DCC_Define>
        <DCC_DebugInformation>0</DCC_DebugInformation>
        <DCC_LocalDebugSymbols>false</DCC_LocalDebugSymbols>
        <DCC_SymbolReferenceInfo>0</DCC_SymbolReferenceInfo>
    </PropertyGroup>
    <PropertyGroup Condition="'$(Cfg_2)'!=''">
        <DCC_Define>DEBUG;$(DCC_Define)</DCC_Define>
        <DCC_Optimize>false</DCC_Optimize>
        <DCC_GenerateStackFrames>true</DCC_GenerateStackFrames>
        <DCC_RangeChecking>true</DCC_RangeChecking>
        <DCC_IntegerOverflowCheck>true</DCC_IntegerOverflowCheck>
    </PropertyGroup>
    <PropertyGroup Condition="'$(Cfg_2_Android64)'!=''">
        <BT_BuildType>Debug</BT_BuildType>
    </PropertyGroup>
    <PropertyGroup Condition="'$(Cfg_2_iOSDevice64)'!=''">
        <BT_BuildType>Debug</BT_BuildType>
    </PropertyGroup>
    <PropertyGroup Condition="'$(Cfg_2_OSX64)'!=''">
        <BT_BuildType>Debug</BT_BuildType>
    </PropertyGroup>
    <PropertyGroup Condition="'$(Cfg_2_OSXARM64)'!=''">
        <BT_BuildType>Debug</BT_BuildType>
    </PropertyGroup>
    <ItemGroup>
        <DelphiCompile Include="$(MainSource)">
            <MainSource>MainSource</MainSource>
        </DelphiCompile>
        <DCCReference Include="rtl.dcp"/>
        <DCCReference Include="fmx.dcp"/>
        <DCCReference Include="dbrtl.dcp"/>
        <DCCReference Include="bindengine.dcp"/>
        <DCCReference Include="bindcomp.dcp"/>
        <DCCReference Include="FMXTMSFNCCorePkg.dcp"/>
        <DCCReference Include="..\..\..\tmssoftware\TMS FNC UI Pack\FMX.TMSFNCRichEditorPic.pas"/>
        <DCCReference Include="..\..\..\tmssoftware\TMS FNC UI Pack\FMX.TMSFNCRichEditorIO.pas"/>
        <DCCReference Include="..\..\..\tmssoftware\TMS FNC UI Pack\FMX.TMSFNCRichEditorIOReg.pas"/>
        <DCCReference Include="..\..\..\tmssoftware\TMS FNC UI Pack\FMX.TMSFNCBitmapPicker.pas"/>
        <DCCReference Include="..\..\..\tmssoftware\TMS FNC UI Pack\FMX.TMSFNCBitmapPickerReg.pas"/>
        <DCCReference Include="..\..\..\tmssoftware\TMS FNC UI Pack\FMX.TMSFNCBitmapSelector.pas"/>
        <DCCReference Include="..\..\..\tmssoftware\TMS FNC UI Pack\FMX.TMSFNCBitmapSelectorReg.pas"/>
        <DCCReference Include="..\..\..\tmssoftware\TMS FNC UI Pack\FMX.TMSFNCCheckedListBox.pas"/>
        <DCCReference Include="..\..\..\tmssoftware\TMS FNC UI Pack\FMX.TMSFNCCheckedTreeView.pas"/>
        <DCCReference Include="..\..\..\tmssoftware\TMS FNC UI Pack\FMX.TMSFNCCheckGroup.pas"/>
        <DCCReference Include="..\..\..\tmssoftware\TMS FNC UI Pack\FMX.TMSFNCCheckGroupPicker.pas"/>
        <DCCReference Include="..\..\..\tmssoftware\TMS FNC UI Pack\FMX.TMSFNCCheckGroupPickerReg.pas"/>
        <DCCReference Include="..\..\..\tmssoftware\TMS FNC UI Pack\FMX.TMSFNCCheckGroupReg.pas"/>
        <DCCReference Include="..\..\..\tmssoftware\TMS FNC UI Pack\FMX.TMSFNCColorPicker.pas"/>
        <DCCReference Include="..\..\..\tmssoftware\TMS FNC UI Pack\FMX.TMSFNCColorPickerReg.pas"/>
        <DCCReference Include="..\..\..\tmssoftware\TMS FNC UI Pack\FMX.TMSFNCColorSelector.pas"/>
        <DCCReference Include="..\..\..\tmssoftware\TMS FNC UI Pack\FMX.TMSFNCColorSelectorReg.pas"/>
        <DCCReference Include="..\..\..\tmssoftware\TMS FNC UI Pack\FMX.TMSFNCCustomGrid.pas"/>
        <DCCReference Include="..\..\..\tmssoftware\TMS FNC UI Pack\FMX.TMSFNCCustomGroup.pas"/>
        <DCCReference Include="..\..\..\tmssoftware\TMS FNC UI Pack\FMX.TMSFNCCustomPicker.pas"/>
        <DCCReference Include="..\..\..\tmssoftware\TMS FNC UI Pack\FMX.TMSFNCCustomSelector.pas"/>
        <DCCReference Include="..\..\..\tmssoftware\TMS FNC UI Pack\FMX.TMSFNCCustomTreeView.pas"/>
        <DCCReference Include="..\..\..\tmssoftware\TMS FNC UI Pack\FMX.TMSFNCDirectoryTreeView.pas"/>
        <DCCReference Include="..\..\..\tmssoftware\TMS FNC UI Pack\FMX.TMSFNCEdit.pas"/>
        <DCCReference Include="..\..\..\tmssoftware\TMS FNC UI Pack\FMX.TMSFNCEditReg.pas"/>
        <DCCReference Include="..\..\..\tmssoftware\TMS FNC UI Pack\FMX.TMSFNCFontNamePicker.pas"/>
        <DCCReference Include="..\..\..\tmssoftware\TMS FNC UI Pack\FMX.TMSFNCFontNamePickerReg.pas"/>
        <DCCReference Include="..\..\..\tmssoftware\TMS FNC UI Pack\FMX.TMSFNCFontSizePicker.pas"/>
        <DCCReference Include="..\..\..\tmssoftware\TMS FNC UI Pack\FMX.TMSFNCFontSizePickerReg.pas"/>
        <DCCReference Include="..\..\..\tmssoftware\TMS FNC UI Pack\FMX.TMSFNCGrid.pas"/>
        <DCCReference Include="..\..\..\tmssoftware\TMS FNC UI Pack\FMX.TMSFNCGridCell.pas"/>
        <DCCReference Include="..\..\..\tmssoftware\TMS FNC UI Pack\FMX.TMSFNCGridData.pas"/>
        <DCCReference Include="..\..\..\tmssoftware\TMS FNC UI Pack\FMX.TMSFNCGridDatabaseAdapter.pas"/>
        <DCCReference Include="..\..\..\tmssoftware\TMS FNC UI Pack\FMX.TMSFNCGridDatabaseAdapterReg.pas"/>
        <DCCReference Include="..\..\..\tmssoftware\TMS FNC UI Pack\FMX.TMSFNCGridDataUtil.pas"/>
        <DCCReference Include="..\..\..\tmssoftware\TMS FNC UI Pack\FMX.TMSFNCGridOptions.pas"/>
        <DCCReference Include="..\..\..\tmssoftware\TMS FNC UI Pack\FMX.TMSFNCGridReg.pas"/>
        <DCCReference Include="..\..\..\tmssoftware\TMS FNC UI Pack\FMX.TMSFNCHTMLText.pas"/>
        <DCCReference Include="..\..\..\tmssoftware\TMS FNC UI Pack\FMX.TMSFNCHTMLTextReg.pas"/>
        <DCCReference Include="..\..\..\tmssoftware\TMS FNC UI Pack\FMX.TMSFNCImage.pas"/>
        <DCCReference Include="..\..\..\tmssoftware\TMS FNC UI Pack\FMX.TMSFNCImageReg.pas"/>
        <DCCReference Include="..\..\..\tmssoftware\TMS FNC UI Pack\FMX.TMSFNCListBox.pas"/>
        <DCCReference Include="..\..\..\tmssoftware\TMS FNC UI Pack\FMX.TMSFNCListBoxReg.pas"/>
        <DCCReference Include="..\..\..\tmssoftware\TMS FNC UI Pack\FMX.TMSFNCListEditor.pas"/>
        <DCCReference Include="..\..\..\tmssoftware\TMS FNC UI Pack\FMX.TMSFNCListEditorReg.pas"/>
        <DCCReference Include="..\..\..\tmssoftware\TMS FNC UI Pack\FMX.TMSFNCNavigationPanel.pas"/>
        <DCCReference Include="..\..\..\tmssoftware\TMS FNC UI Pack\FMX.TMSFNCNavigationPanelReg.pas"/>
        <DCCReference Include="..\..\..\tmssoftware\TMS FNC UI Pack\FMX.TMSFNCPageControl.pas"/>
        <DCCReference Include="..\..\..\tmssoftware\TMS FNC UI Pack\FMX.TMSFNCPageControlReg.pas"/>
        <DCCReference Include="..\..\..\tmssoftware\TMS FNC UI Pack\FMX.TMSFNCPanel.pas"/>
        <DCCReference Include="..\..\..\tmssoftware\TMS FNC UI Pack\FMX.TMSFNCPanelReg.pas"/>
        <DCCReference Include="..\..\..\tmssoftware\TMS FNC UI Pack\FMX.TMSFNCPlanner.pas"/>
        <DCCReference Include="..\..\..\tmssoftware\TMS FNC UI Pack\FMX.TMSFNCPlannerBase.pas"/>
        <DCCReference Include="..\..\..\tmssoftware\TMS FNC UI Pack\FMX.TMSFNCPlannerData.pas"/>
        <DCCReference Include="..\..\..\tmssoftware\TMS FNC UI Pack\FMX.TMSFNCPlannerDatabaseAdapter.pas"/>
        <DCCReference Include="..\..\..\tmssoftware\TMS FNC UI Pack\FMX.TMSFNCPlannerDatabaseAdapterReg.pas"/>
        <DCCReference Include="..\..\..\tmssoftware\TMS FNC UI Pack\FMX.TMSFNCPlannerItemEditorRecurrency.pas"/>
        <DCCReference Include="..\..\..\tmssoftware\TMS FNC UI Pack\FMX.TMSFNCPlannerItemEditorRecurrencyReg.pas"/>
        <DCCReference Include="..\..\..\tmssoftware\TMS FNC UI Pack\FMX.TMSFNCPlannerReg.pas"/>
        <DCCReference Include="..\..\..\tmssoftware\TMS FNC UI Pack\FMX.TMSFNCRadioGroup.pas"/>
        <DCCReference Include="..\..\..\tmssoftware\TMS FNC UI Pack\FMX.TMSFNCRadioGroupPicker.pas"/>
        <DCCReference Include="..\..\..\tmssoftware\TMS FNC UI Pack\FMX.TMSFNCRadioGroupPickerReg.pas"/>
        <DCCReference Include="..\..\..\tmssoftware\TMS FNC UI Pack\FMX.TMSFNCRadioGroupReg.pas"/>
        <DCCReference Include="..\..\..\tmssoftware\TMS FNC UI Pack\FMX.TMSFNCRecurrencyHandler.pas"/>
        <DCCReference Include="..\..\..\tmssoftware\TMS FNC UI Pack\FMX.TMSFNCResponsiveList.pas"/>
        <DCCReference Include="..\..\..\tmssoftware\TMS FNC UI Pack\FMX.TMSFNCResponsiveListReg.pas"/>
        <DCCReference Include="..\..\..\tmssoftware\TMS FNC UI Pack\FMX.TMSFNCResponsiveListTypes.pas"/>
        <DCCReference Include="..\..\..\tmssoftware\TMS FNC UI Pack\FMX.TMSFNCRichEditor.pas"/>
        <DCCReference Include="..\..\..\tmssoftware\TMS FNC UI Pack\FMX.TMSFNCRichEditorBase.pas"/>
        <DCCReference Include="..\..\..\tmssoftware\TMS FNC UI Pack\FMX.TMSFNCRichEditorReg.pas"/>
        <DCCReference Include="..\..\..\tmssoftware\TMS FNC UI Pack\FMX.TMSFNCRichEditorRTF.pas"/>
        <DCCReference Include="..\..\..\tmssoftware\TMS FNC UI Pack\FMX.TMSFNCRichEditorToolBar.pas"/>
        <DCCReference Include="..\..\..\tmssoftware\TMS FNC UI Pack\FMX.TMSFNCRichEditorToolBarPopup.pas"/>
        <DCCReference Include="..\..\..\tmssoftware\TMS FNC UI Pack\FMX.TMSFNCRichEditorToolBarPopupReg.pas"/>
        <DCCReference Include="..\..\..\tmssoftware\TMS FNC UI Pack\FMX.TMSFNCRichEditorToolBarReg.pas"/>
        <DCCReference Include="..\..\..\tmssoftware\TMS FNC UI Pack\FMX.TMSFNCScrollControl.pas"/>
        <DCCReference Include="..\..\..\tmssoftware\TMS FNC UI Pack\FMX.TMSFNCSearchEdit.pas"/>
        <DCCReference Include="..\..\..\tmssoftware\TMS FNC UI Pack\FMX.TMSFNCSearchEditReg.pas"/>
        <DCCReference Include="..\..\..\tmssoftware\TMS FNC UI Pack\FMX.TMSFNCSearchList.pas"/>
        <DCCReference Include="..\..\..\tmssoftware\TMS FNC UI Pack\FMX.TMSFNCSearchListReg.pas"/>
        <DCCReference Include="..\..\..\tmssoftware\TMS FNC UI Pack\FMX.TMSFNCTabSet.pas"/>
        <DCCReference Include="..\..\..\tmssoftware\TMS FNC UI Pack\FMX.TMSFNCTabSetReg.pas"/>
        <DCCReference Include="..\..\..\tmssoftware\TMS FNC UI Pack\FMX.TMSFNCToolBar.pas"/>
        <DCCReference Include="..\..\..\tmssoftware\TMS FNC UI Pack\FMX.TMSFNCToolBarPopup.pas"/>
        <DCCReference Include="..\..\..\tmssoftware\TMS FNC UI Pack\FMX.TMSFNCToolBarPopupReg.pas"/>
        <DCCReference Include="..\..\..\tmssoftware\TMS FNC UI Pack\FMX.TMSFNCToolBarReg.pas"/>
        <DCCReference Include="..\..\..\tmssoftware\TMS FNC UI Pack\FMX.TMSFNCToolBarRes.pas"/>
        <DCCReference Include="..\..\..\tmssoftware\TMS FNC UI Pack\FMX.TMSFNCTreeView.pas"/>
        <DCCReference Include="..\..\..\tmssoftware\TMS FNC UI Pack\FMX.TMSFNCTreeViewBase.pas"/>
        <DCCReference Include="..\..\..\tmssoftware\TMS FNC UI Pack\FMX.TMSFNCTreeViewData.pas"/>
        <DCCReference Include="..\..\..\tmssoftware\TMS FNC UI Pack\FMX.TMSFNCTreeViewReg.pas"/>
        <DCCReference Include="..\..\..\tmssoftware\TMS FNC UI Pack\XlsAdapter\FMX.TMSFNCGridExcelIO.pas"/>
        <DCCReference Include="..\..\..\tmssoftware\TMS FNC UI Pack\XlsAdapter\FMX.TMSFNCGridExcelIOReg.pas"/>
        <DCCReference Include="..\..\..\tmssoftware\TMS FNC UI Pack\XlsAdapter\FMX.TMSFNCUBreakList.pas"/>
        <DCCReference Include="..\..\..\tmssoftware\TMS FNC UI Pack\XlsAdapter\FMX.TMSFNCUEscherGraphToBSE.pas"/>
        <DCCReference Include="..\..\..\tmssoftware\TMS FNC UI Pack\XlsAdapter\FMX.TMSFNCUEscherOtherRecords.pas"/>
        <DCCReference Include="..\..\..\tmssoftware\TMS FNC UI Pack\XlsAdapter\FMX.TMSFNCUEscherRecords.pas"/>
        <DCCReference Include="..\..\..\tmssoftware\TMS FNC UI Pack\XlsAdapter\FMX.TMSFNCUExcelAdapter.pas"/>
        <DCCReference Include="..\..\..\tmssoftware\TMS FNC UI Pack\XlsAdapter\FMX.TMSFNCUExcelRecords.pas"/>
        <DCCReference Include="..\..\..\tmssoftware\TMS FNC UI Pack\XlsAdapter\FMX.TMSFNCUFlxFormats.pas"/>
        <DCCReference Include="..\..\..\tmssoftware\TMS FNC UI Pack\XlsAdapter\FMX.TMSFNCUFlxMessages.pas"/>
        <DCCReference Include="..\..\..\tmssoftware\TMS FNC UI Pack\XlsAdapter\FMX.TMSFNCUFlxNumberFormat.pas"/>
        <DCCReference Include="..\..\..\tmssoftware\TMS FNC UI Pack\XlsAdapter\FMX.TMSFNCUFlxRowComments.pas"/>
        <DCCReference Include="..\..\..\tmssoftware\TMS FNC UI Pack\XlsAdapter\FMX.TMSFNCUFlxStack.pas"/>
        <DCCReference Include="..\..\..\tmssoftware\TMS FNC UI Pack\XlsAdapter\FMX.TMSFNCUFlxUtils.pas"/>
        <DCCReference Include="..\..\..\tmssoftware\TMS FNC UI Pack\XlsAdapter\FMX.TMSFNCUOle2Impl.pas"/>
        <DCCReference Include="..\..\..\tmssoftware\TMS FNC UI Pack\XlsAdapter\FMX.TMSFNCUSheetNameList.pas"/>
        <DCCReference Include="..\..\..\tmssoftware\TMS FNC UI Pack\XlsAdapter\FMX.TMSFNCUTextDelim.pas"/>
        <DCCReference Include="..\..\..\tmssoftware\TMS FNC UI Pack\XlsAdapter\FMX.TMSFNCUXlsBaseClientData.pas"/>
        <DCCReference Include="..\..\..\tmssoftware\TMS FNC UI Pack\XlsAdapter\FMX.TMSFNCUXlsBaseList.pas"/>
        <DCCReference Include="..\..\..\tmssoftware\TMS FNC UI Pack\XlsAdapter\FMX.TMSFNCUXlsBaseRecordLists.pas"/>
        <DCCReference Include="..\..\..\tmssoftware\TMS FNC UI Pack\XlsAdapter\FMX.TMSFNCUXlsBaseRecords.pas"/>
        <DCCReference Include="..\..\..\tmssoftware\TMS FNC UI Pack\XlsAdapter\FMX.TMSFNCUXlsCellRecords.pas"/>
        <DCCReference Include="..\..\..\tmssoftware\TMS FNC UI Pack\XlsAdapter\FMX.TMSFNCUXlsChart.pas"/>
        <DCCReference Include="..\..\..\tmssoftware\TMS FNC UI Pack\XlsAdapter\FMX.TMSFNCUXlsClientData.pas"/>
        <DCCReference Include="..\..\..\tmssoftware\TMS FNC UI Pack\XlsAdapter\FMX.TMSFNCUXlsColInfo.pas"/>
        <DCCReference Include="..\..\..\tmssoftware\TMS FNC UI Pack\XlsAdapter\FMX.TMSFNCUXlsCondFmt.pas"/>
        <DCCReference Include="..\..\..\tmssoftware\TMS FNC UI Pack\XlsAdapter\FMX.TMSFNCUXlsEncodeFormula.pas"/>
        <DCCReference Include="..\..\..\tmssoftware\TMS FNC UI Pack\XlsAdapter\FMX.TMSFNCUXlsEscher.pas"/>
        <DCCReference Include="..\..\..\tmssoftware\TMS FNC UI Pack\XlsAdapter\FMX.TMSFNCUXlsFormula.pas"/>
        <DCCReference Include="..\..\..\tmssoftware\TMS FNC UI Pack\XlsAdapter\FMX.TMSFNCUXlsFormulaParser.pas"/>
        <DCCReference Include="..\..\..\tmssoftware\TMS FNC UI Pack\XlsAdapter\FMX.TMSFNCUXlsHyperLink.pas"/>
        <DCCReference Include="..\..\..\tmssoftware\TMS FNC UI Pack\XlsAdapter\FMX.TMSFNCUXlsMD5.pas"/>
        <DCCReference Include="..\..\..\tmssoftware\TMS FNC UI Pack\XlsAdapter\FMX.TMSFNCUXlsNotes.pas"/>
        <DCCReference Include="..\..\..\tmssoftware\TMS FNC UI Pack\XlsAdapter\FMX.TMSFNCUXlsOtherRecords.pas"/>
        <DCCReference Include="..\..\..\tmssoftware\TMS FNC UI Pack\XlsAdapter\FMX.TMSFNCUXlsPageBreaks.pas"/>
        <DCCReference Include="..\..\..\tmssoftware\TMS FNC UI Pack\XlsAdapter\FMX.TMSFNCUXlsPalette.pas"/>
        <DCCReference Include="..\..\..\tmssoftware\TMS FNC UI Pack\XlsAdapter\FMX.TMSFNCUXlsPictures.pas"/>
        <DCCReference Include="..\..\..\tmssoftware\TMS FNC UI Pack\XlsAdapter\FMX.TMSFNCUXlsProtect.pas"/>
        <DCCReference Include="..\..\..\tmssoftware\TMS FNC UI Pack\XlsAdapter\FMX.TMSFNCUXlsRangeRecords.pas"/>
        <DCCReference Include="..\..\..\tmssoftware\TMS FNC UI Pack\XlsAdapter\FMX.TMSFNCUXlsReferences.pas"/>
        <DCCReference Include="..\..\..\tmssoftware\TMS FNC UI Pack\XlsAdapter\FMX.TMSFNCUXlsRowColEntries.pas"/>
        <DCCReference Include="..\..\..\tmssoftware\TMS FNC UI Pack\XlsAdapter\FMX.TMSFNCUXlsSections.pas"/>
        <DCCReference Include="..\..\..\tmssoftware\TMS FNC UI Pack\XlsAdapter\FMX.TMSFNCUXlsSheet.pas"/>
        <DCCReference Include="..\..\..\tmssoftware\TMS FNC UI Pack\XlsAdapter\FMX.TMSFNCUXlsSST.pas"/>
        <DCCReference Include="..\..\..\tmssoftware\TMS FNC UI Pack\XlsAdapter\FMX.TMSFNCUXlsStrings.pas"/>
        <DCCReference Include="..\..\..\tmssoftware\TMS FNC UI Pack\XlsAdapter\FMX.TMSFNCUXlsTokenArray.pas"/>
        <DCCReference Include="..\..\..\tmssoftware\TMS FNC UI Pack\XlsAdapter\FMX.TMSFNCUXlsWorkbookGlobals.pas"/>
        <DCCReference Include="..\..\..\tmssoftware\TMS FNC UI Pack\XlsAdapter\FMX.TMSFNCUXlsXF.pas"/>
        <DCCReference Include="..\..\..\tmssoftware\TMS FNC UI Pack\XlsAdapter\FMX.TMSFNCXLSAdapter.pas"/>
        <DCCReference Include="..\..\..\tmssoftware\TMS FNC UI Pack\XlsAdapter\FMX.TMSFNCXlsBaseTemplateStore.pas"/>
        <DCCReference Include="..\..\..\tmssoftware\TMS FNC UI Pack\XlsAdapter\FMX.TMSFNCXlsFormulaMessages.pas"/>
        <DCCReference Include="..\..\..\tmssoftware\TMS FNC UI Pack\XlsAdapter\FMX.TMSFNCXlsMessages.pas"/>
        <DCCReference Include="..\..\..\tmssoftware\TMS FNC UI Pack\FMX.TMSFNCHTMLEditor.pas"/>
        <DCCReference Include="..\..\..\tmssoftware\TMS FNC UI Pack\FMX.TMSFNCHTMLEditorReg.pas"/>
        <DCCReference Include="..\..\..\tmssoftware\TMS FNC UI Pack\FMX.TMSFNCButton.pas"/>
        <DCCReference Include="..\..\..\tmssoftware\TMS FNC UI Pack\FMX.TMSFNCButtonReg.pas"/>
        <DCCReference Include="..\..\..\tmssoftware\TMS FNC UI Pack\FMX.TMSFNCTreeViewEditor.pas"/>
        <DCCReference Include="..\..\..\tmssoftware\TMS FNC UI Pack\FMX.TMSFNCPlannerItemEditor.pas"/>
        <DCCReference Include="..\..\..\tmssoftware\TMS FNC UI Pack\FMX.TMSFNCPlannerModeEditor.pas"/>
        <DCCReference Include="..\..\..\tmssoftware\TMS FNC UI Pack\FMX.TMSFNCGridToolBarPopup.pas"/>
        <DCCReference Include="..\..\..\tmssoftware\TMS FNC UI Pack\FMX.TMSFNCPlannerToolBarPopup.pas"/>
        <DCCReference Include="..\..\..\tmssoftware\TMS FNC UI Pack\FMX.TMSFNCPlannerToolBarPopupReg.pas"/>
        <DCCReference Include="..\..\..\tmssoftware\TMS FNC UI Pack\FMX.TMSFNCGridToolBarPopupReg.pas"/>
        <DCCReference Include="..\..\..\tmssoftware\TMS FNC UI Pack\FMX.TMSFNCGridPDFIO.pas"/>
        <DCCReference Include="..\..\..\tmssoftware\TMS FNC UI Pack\FMX.TMSFNCRichEditorPDFIO.pas"/>
        <DCCReference Include="..\..\..\tmssoftware\TMS FNC UI Pack\FMX.TMSFNCSpreadGrid.pas"/>
        <DCCReference Include="..\..\..\tmssoftware\TMS FNC UI Pack\FMX.TMSFNCSpreadGridLibs.pas"/>
        <DCCReference Include="..\..\..\tmssoftware\TMS FNC UI Pack\FMX.TMSFNCSpreadGridReg.pas"/>
        <DCCReference Include="..\..\..\tmssoftware\TMS FNC UI Pack\FMX.TMSFNCFormulaParser.pas"/>
        <DCCReference Include="..\..\..\tmssoftware\TMS FNC UI Pack\FMX.TMSFNCGridIOReg.pas"/>
        <DCCReference Include="..\..\..\tmssoftware\TMS FNC UI Pack\FMX.TMSFNCSpreadGridTypes.pas"/>
        <DCCReference Include="..\..\..\tmssoftware\TMS FNC UI Pack\FMX.TMSFNCPDFImageBook.pas"/>
        <DCCReference Include="..\..\..\tmssoftware\TMS FNC UI Pack\FMX.TMSFNCRibbon.pas"/>
        <DCCReference Include="..\..\..\tmssoftware\TMS FNC UI Pack\FMX.TMSFNCRibbonReg.pas"/>
        <DCCReference Include="..\..\..\tmssoftware\TMS FNC UI Pack\FMX.TMSFNCKanbanBoard.pas"/>
        <DCCReference Include="..\..\..\tmssoftware\TMS FNC UI Pack\FMX.TMSFNCKanbanBoardReg.pas"/>
        <DCCReference Include="..\..\..\tmssoftware\TMS FNC UI Pack\FMX.TMSFNCTableView.pas"/>
        <DCCReference Include="..\..\..\tmssoftware\TMS FNC UI Pack\FMX.TMSFNCTableViewReg.pas"/>
        <DCCReference Include="..\..\..\tmssoftware\TMS FNC UI Pack\FMX.TMSFNCKanbanBoardDatabaseAdapter.pas"/>
        <DCCReference Include="..\..\..\tmssoftware\TMS FNC UI Pack\FMX.TMSFNCKanbanBoardDatabaseAdapterReg.pas"/>
        <DCCReference Include="..\..\..\tmssoftware\TMS FNC UI Pack\FMX.TMSFNCAnalogTimePicker.pas"/>
        <DCCReference Include="..\..\..\tmssoftware\TMS FNC UI Pack\FMX.TMSFNCAnalogTimeReg.pas"/>
        <DCCReference Include="..\..\..\tmssoftware\TMS FNC UI Pack\FMX.TMSFNCAnalogTimeSelector.pas"/>
        <DCCReference Include="..\..\..\tmssoftware\TMS FNC UI Pack\FMX.TMSFNCCalendar.pas"/>
        <DCCReference Include="..\..\..\tmssoftware\TMS FNC UI Pack\FMX.TMSFNCCalendarReg.pas"/>
        <DCCReference Include="..\..\..\tmssoftware\TMS FNC UI Pack\FMX.TMSFNCDatePicker.pas"/>
        <DCCReference Include="..\..\..\tmssoftware\TMS FNC UI Pack\FMX.TMSFNCDigitalTimePicker.pas"/>
        <DCCReference Include="..\..\..\tmssoftware\TMS FNC UI Pack\FMX.TMSFNCDigitalTimeReg.pas"/>
        <DCCReference Include="..\..\..\tmssoftware\TMS FNC UI Pack\FMX.TMSFNCDigitalTimeSelector.pas"/>
        <DCCReference Include="..\..\..\tmssoftware\TMS FNC UI Pack\FMX.TMSFNCFillKindPicker.pas"/>
        <DCCReference Include="..\..\..\tmssoftware\TMS FNC UI Pack\FMX.TMSFNCFillKindReg.pas"/>
        <DCCReference Include="..\..\..\tmssoftware\TMS FNC UI Pack\FMX.TMSFNCFillKindSelector.pas"/>
        <DCCReference Include="..\..\..\tmssoftware\TMS FNC UI Pack\FMX.TMSFNCStrokeKindPicker.pas"/>
        <DCCReference Include="..\..\..\tmssoftware\TMS FNC UI Pack\FMX.TMSFNCStrokeKindReg.pas"/>
        <DCCReference Include="..\..\..\tmssoftware\TMS FNC UI Pack\FMX.TMSFNCStrokeKindSelector.pas"/>
        <DCCReference Include="..\..\..\tmssoftware\TMS FNC UI Pack\FMX.TMSFNCColorWheel.pas"/>
        <DCCReference Include="..\..\..\tmssoftware\TMS FNC UI Pack\FMX.TMSFNCColorWheelReg.pas"/>
        <DCCReference Include="..\..\..\tmssoftware\TMS FNC UI Pack\FMX.TMSFNCColorWheelResources.pas"/>
        <DCCReference Include="..\..\..\tmssoftware\TMS FNC UI Pack\FMX.TMSFNCSignatureCapture.pas"/>
        <DCCReference Include="..\..\..\tmssoftware\TMS FNC UI Pack\FMX.TMSFNCSignatureCaptureReg.pas"/>
        <DCCReference Include="..\..\..\tmssoftware\TMS FNC UI Pack\FMX.TMSFNCTaskDialog.pas"/>
        <DCCReference Include="..\..\..\tmssoftware\TMS FNC UI Pack\FMX.TMSFNCTaskDialogReg.pas"/>
        <DCCReference Include="..\..\..\tmssoftware\TMS FNC UI Pack\FMX.TMSFNCObjectInspector.pas"/>
        <DCCReference Include="..\..\..\tmssoftware\TMS FNC UI Pack\FMX.TMSFNCObjectInspectorReg.pas"/>
        <DCCReference Include="..\..\..\tmssoftware\TMS FNC UI Pack\FMX.TMSFNCStatusBar.pas"/>
        <DCCReference Include="..\..\..\tmssoftware\TMS FNC UI Pack\FMX.TMSFNCStatusBarReg.pas"/>
        <DCCReference Include="..\..\..\tmssoftware\TMS FNC UI Pack\FMX.TMSFNCDateTimePicker.pas"/>
        <DCCReference Include="..\..\..\tmssoftware\TMS FNC UI Pack\FMX.TMSFNCDateTimePickerReg.pas"/>
        <DCCReference Include="..\..\..\tmssoftware\TMS FNC UI Pack\FMX.TMSFNCFontDialog.pas"/>
        <DCCReference Include="..\..\..\tmssoftware\TMS FNC UI Pack\FMX.TMSFNCFontDialogReg.pas"/>
        <DCCReference Include="..\..\..\tmssoftware\TMS FNC UI Pack\FMX.TMSFNCIPEdit.pas"/>
        <DCCReference Include="..\..\..\tmssoftware\TMS FNC UI Pack\FMX.TMSFNCIPEditReg.pas"/>
        <DCCReference Include="..\..\..\tmssoftware\TMS FNC UI Pack\FMX.TMSFNCCheckBox.pas"/>
        <DCCReference Include="..\..\..\tmssoftware\TMS FNC UI Pack\FMX.TMSFNCCheckBoxReg.pas"/>
        <DCCReference Include="..\..\..\tmssoftware\TMS FNC UI Pack\FMX.TMSFNCHTMLImageContainer.pas"/>
        <DCCReference Include="..\..\..\tmssoftware\TMS FNC UI Pack\FMX.TMSFNCRadioButton.pas"/>
        <DCCReference Include="..\..\..\tmssoftware\TMS FNC UI Pack\FMX.TMSFNCRadioButtonReg.pas"/>
        <DCCReference Include="..\..\..\tmssoftware\TMS FNC UI Pack\FMX.TMSFNCTrackBar.pas"/>
        <DCCReference Include="..\..\..\tmssoftware\TMS FNC UI Pack\FMX.TMSFNCTrackBarReg.pas"/>
        <DCCReference Include="..\..\..\tmssoftware\TMS FNC UI Pack\FMX.TMSFNCRangeSlider.pas"/>
        <DCCReference Include="..\..\..\tmssoftware\TMS FNC UI Pack\FMX.TMSFNCRangeSliderReg.pas"/>
        <DCCReference Include="..\..\..\tmssoftware\TMS FNC UI Pack\FMX.TMSFNCSpinEdit.pas"/>
        <DCCReference Include="..\..\..\tmssoftware\TMS FNC UI Pack\FMX.TMSFNCSpinEditReg.pas"/>
        <DCCReference Include="..\..\..\tmssoftware\TMS FNC UI Pack\FMX.TMSFNCComboBox.pas"/>
        <DCCReference Include="..\..\..\tmssoftware\TMS FNC UI Pack\FMX.TMSFNCComboBoxReg.pas"/>
        <DCCReference Include="..\..\..\tmssoftware\TMS FNC UI Pack\FMX.TMSFNCSwitch.pas"/>
        <DCCReference Include="..\..\..\tmssoftware\TMS FNC UI Pack\FMX.TMSFNCSwitchReg.pas"/>
        <DCCReference Include="..\..\..\tmssoftware\TMS FNC UI Pack\FMX.TMSFNCLabelEdit.pas"/>
        <DCCReference Include="..\..\..\tmssoftware\TMS FNC UI Pack\FMX.TMSFNCLabelEditReg.pas"/>
        <DCCReference Include="..\..\..\tmssoftware\TMS FNC UI Pack\FMX.TMSFNCSplitter.pas"/>
        <DCCReference Include="..\..\..\tmssoftware\TMS FNC UI Pack\FMX.TMSFNCSplitterReg.pas"/>
        <DCCReference Include="..\..\..\tmssoftware\TMS FNC UI Pack\FMX.TMSFNCRichEditorRuler.pas"/>
        <DCCReference Include="..\..\..\tmssoftware\TMS FNC UI Pack\FMX.TMSFNCRichEditorRulerReg.pas"/>
        <DCCReference Include="..\..\..\tmssoftware\TMS FNC UI Pack\FMX.TMSFNCProgressBar.pas"/>
        <DCCReference Include="..\..\..\tmssoftware\TMS FNC UI Pack\FMX.TMSFNCProgressBarReg.pas"/>
        <DCCReference Include="..\..\..\tmssoftware\TMS FNC UI Pack\FMX.TMSFNCHotSpotImageReg.pas"/>
        <DCCReference Include="..\..\..\tmssoftware\TMS FNC UI Pack\FMX.TMSFNCHotSpotImage.pas"/>
        <DCCReference Include="..\..\..\tmssoftware\TMS FNC UI Pack\FMX.TMSFNCHotSpotImageEditor.pas"/>
        <DCCReference Include="..\..\..\tmssoftware\TMS FNC UI Pack\FMX.TMSFNCHotSpotImageEditorReg.pas"/>
        <DCCReference Include="..\..\..\tmssoftware\TMS FNC UI Pack\FMX.TMSFNCWaitingIndicator.pas"/>
        <DCCReference Include="..\..\..\tmssoftware\TMS FNC UI Pack\FMX.TMSFNCWaitingIndicatorReg.pas"/>
        <DCCReference Include="..\..\..\tmssoftware\TMS FNC UI Pack\FMX.TMSFNCPassLock.pas"/>
        <DCCReference Include="..\..\..\tmssoftware\TMS FNC UI Pack\FMX.TMSFNCPassLockReg.pas"/>
        <DCCReference Include="..\..\..\tmssoftware\TMS FNC UI Pack\FMX.TMSFNCControlPicker.pas"/>
        <DCCReference Include="..\..\..\tmssoftware\TMS FNC UI Pack\FMX.TMSFNCControlPickerReg.pas"/>
        <DCCReference Include="..\..\..\tmssoftware\TMS FNC UI Pack\FMX.TMSFNCGridPrintIO.pas"/>
        <DCCReference Include="..\..\..\tmssoftware\TMS FNC UI Pack\FMX.TMSFNCGridPrintIOReg.pas"/>
        <DCCReference Include="..\..\..\tmssoftware\TMS FNC UI Pack\FMX.TMSFNCRichEditorPrintIO.pas"/>
        <DCCReference Include="..\..\..\tmssoftware\TMS FNC UI Pack\FMX.TMSFNCRichEditorPrintIOReg.pas"/>
        <DCCReference Include="..\..\..\tmssoftware\TMS FNC UI Pack\FMX.TMSFNCEditorToolBar.pas"/>
        <DCCReference Include="..\..\..\tmssoftware\TMS FNC UI Pack\FMX.TMSFNCEditorsToolsUI.pas"/>
        <BuildConfiguration Include="Base">
            <Key>Base</Key>
        </BuildConfiguration>
        <BuildConfiguration Include="Release">
            <Key>Cfg_1</Key>
            <CfgParent>Base</CfgParent>
        </BuildConfiguration>
        <BuildConfiguration Include="Debug">
            <Key>Cfg_2</Key>
            <CfgParent>Base</CfgParent>
        </BuildConfiguration>
    </ItemGroup>
    <ProjectExtensions>
        <Borland.Personality>Delphi.Personality.12</Borland.Personality>
        <Borland.ProjectType>Package</Borland.ProjectType>
        <BorlandProject>
            <Delphi.Personality>
                <Source>
                    <Source Name="MainSource">FMXTMSFNCUIPackPkg.dpk</Source>
                </Source>
            </Delphi.Personality>
            <Platforms>
                <Platform value="Android">False</Platform>
                <Platform value="Android64">True</Platform>
                <Platform value="iOSDevice32">False</Platform>
                <Platform value="iOSDevice64">True</Platform>
                <Platform value="iOSSimARM64">True</Platform>
                <Platform value="iOSSimulator">False</Platform>
                <Platform value="Linux64">True</Platform>
                <Platform value="OSX32">False</Platform>
                <Platform value="OSX64">True</Platform>
                <Platform value="OSXARM64">True</Platform>
                <Platform value="Win32">True</Platform>
                <Platform value="Win64">False</Platform>
                <Platform value="Win64x">True</Platform>
            </Platforms>
        </BorlandProject>
        <ProjectFileVersion>12</ProjectFileVersion>
    </ProjectExtensions>
    <Import Project="$(BDS)\Bin\CodeGear.Delphi.Targets" Condition="Exists('$(BDS)\Bin\CodeGear.Delphi.Targets')"/>
    <Import Project="$(APPDATA)\Embarcadero\$(BDSAPPDATABASEDIR)\$(PRODUCTVERSION)\UserTools.proj" Condition="Exists('$(APPDATA)\Embarcadero\$(BDSAPPDATABASEDIR)\$(PRODUCTVERSION)\UserTools.proj')"/>
</Project>
